// !$*UTF8*$!
{
	archiveVersion = 1;
	classes = {
	};
	objectVersion = 50;
	objects = {

/* Begin PBXBuildFile section */
		ED7C95EF22BF839400D6A7C0 /* AppDelegate.swift in Sources */ = {isa = PBXBuildFile; fileRef = ED7C95EE22BF839400D6A7C0 /* AppDelegate.swift */; };
		ED7C95F422BF839400D6A7C0 /* Main.storyboard in Resources */ = {isa = PBXBuildFile; fileRef = ED7C95F222BF839400D6A7C0 /* Main.storyboard */; };
		ED7C95F622BF839500D6A7C0 /* Assets.xcassets in Resources */ = {isa = PBXBuildFile; fileRef = ED7C95F522BF839500D6A7C0 /* Assets.xcassets */; };
		ED7C95F922BF839500D6A7C0 /* LaunchScreen.storyboard in Resources */ = {isa = PBXBuildFile; fileRef = ED7C95F722BF839500D6A7C0 /* LaunchScreen.storyboard */; };
		ED7C960722BF89B100D6A7C0 /* CategoryTableViewController.swift in Sources */ = {isa = PBXBuildFile; fileRef = ED7C960622BF89B100D6A7C0 /* CategoryTableViewController.swift */; };
		ED7C960922BF89C900D6A7C0 /* MenuTableViewController.swift in Sources */ = {isa = PBXBuildFile; fileRef = ED7C960822BF89C900D6A7C0 /* MenuTableViewController.swift */; };
		ED7C960B22BF89D600D6A7C0 /* OrderTableViewController.swift in Sources */ = {isa = PBXBuildFile; fileRef = ED7C960A22BF89D600D6A7C0 /* OrderTableViewController.swift */; };
		ED7C960F22BF8DBD00D6A7C0 /* MenuItemDetailViewController.swift in Sources */ = {isa = PBXBuildFile; fileRef = ED7C960E22BF8DBD00D6A7C0 /* MenuItemDetailViewController.swift */; };
		ED7C961122BF8F9000D6A7C0 /* MenuItem.swift in Sources */ = {isa = PBXBuildFile; fileRef = ED7C961022BF8F9000D6A7C0 /* MenuItem.swift */; };
		ED7C961322BF90B800D6A7C0 /* IntermediaryModels.swift in Sources */ = {isa = PBXBuildFile; fileRef = ED7C961222BF90B800D6A7C0 /* IntermediaryModels.swift */; };
		ED7C961522BF91AE00D6A7C0 /* Order.swift in Sources */ = {isa = PBXBuildFile; fileRef = ED7C961422BF91AE00D6A7C0 /* Order.swift */; };
		ED7C961722BF92B400D6A7C0 /* MenuController.swift in Sources */ = {isa = PBXBuildFile; fileRef = ED7C961622BF92B400D6A7C0 /* MenuController.swift */; };
		ED7C961922BFEADA00D6A7C0 /* OrderConfirmationViewController.swift in Sources */ = {isa = PBXBuildFile; fileRef = ED7C961822BFEADA00D6A7C0 /* OrderConfirmationViewController.swift */; };
/* End PBXBuildFile section */

/* Begin PBXFileReference section */
		ED7C95EB22BF839400D6A7C0 /* Restaurant.app */ = {isa = PBXFileReference; explicitFileType = wrapper.application; includeInIndex = 0; path = Restaurant.app; sourceTree = BUILT_PRODUCTS_DIR; };
		ED7C95EE22BF839400D6A7C0 /* AppDelegate.swift */ = {isa = PBXFileReference; lastKnownFileType = sourcecode.swift; path = AppDelegate.swift; sourceTree = "<group>"; };
		ED7C95F322BF839400D6A7C0 /* Base */ = {isa = PBXFileReference; lastKnownFileType = file.storyboard; name = Base; path = Base.lproj/Main.storyboard; sourceTree = "<group>"; };
		ED7C95F522BF839500D6A7C0 /* Assets.xcassets */ = {isa = PBXFileReference; lastKnownFileType = folder.assetcatalog; path = Assets.xcassets; sourceTree = "<group>"; };
		ED7C95F822BF839500D6A7C0 /* Base */ = {isa = PBXFileReference; lastKnownFileType = file.storyboard; name = Base; path = Base.lproj/LaunchScreen.storyboard; sourceTree = "<group>"; };
		ED7C95FA22BF839500D6A7C0 /* Info.plist */ = {isa = PBXFileReference; lastKnownFileType = text.plist.xml; path = Info.plist; sourceTree = "<group>"; };
		ED7C960622BF89B100D6A7C0 /* CategoryTableViewController.swift */ = {isa = PBXFileReference; lastKnownFileType = sourcecode.swift; path = CategoryTableViewController.swift; sourceTree = "<group>"; };
		ED7C960822BF89C900D6A7C0 /* MenuTableViewController.swift */ = {isa = PBXFileReference; lastKnownFileType = sourcecode.swift; path = MenuTableViewController.swift; sourceTree = "<group>"; };
		ED7C960A22BF89D600D6A7C0 /* OrderTableViewController.swift */ = {isa = PBXFileReference; lastKnownFileType = sourcecode.swift; path = OrderTableViewController.swift; sourceTree = "<group>"; };
		ED7C960E22BF8DBD00D6A7C0 /* MenuItemDetailViewController.swift */ = {isa = PBXFileReference; lastKnownFileType = sourcecode.swift; path = MenuItemDetailViewController.swift; sourceTree = "<group>"; };
		ED7C961022BF8F9000D6A7C0 /* MenuItem.swift */ = {isa = PBXFileReference; lastKnownFileType = sourcecode.swift; path = MenuItem.swift; sourceTree = "<group>"; };
		ED7C961222BF90B800D6A7C0 /* IntermediaryModels.swift */ = {isa = PBXFileReference; lastKnownFileType = sourcecode.swift; path = IntermediaryModels.swift; sourceTree = "<group>"; };
		ED7C961422BF91AE00D6A7C0 /* Order.swift */ = {isa = PBXFileReference; lastKnownFileType = sourcecode.swift; path = Order.swift; sourceTree = "<group>"; };
		ED7C961622BF92B400D6A7C0 /* MenuController.swift */ = {isa = PBXFileReference; lastKnownFileType = sourcecode.swift; path = MenuController.swift; sourceTree = "<group>"; };
		ED7C961822BFEADA00D6A7C0 /* OrderConfirmationViewController.swift */ = {isa = PBXFileReference; lastKnownFileType = sourcecode.swift; path = OrderConfirmationViewController.swift; sourceTree = "<group>"; };
/* End PBXFileReference section */

/* Begin PBXFrameworksBuildPhase section */
		ED7C95E822BF839400D6A7C0 /* Frameworks */ = {
			isa = PBXFrameworksBuildPhase;
			buildActionMask = 2147483647;
			files = (
			);
			runOnlyForDeploymentPostprocessing = 0;
		};
/* End PBXFrameworksBuildPhase section */

/* Begin PBXGroup section */
		ED7C95E222BF839400D6A7C0 = {
			isa = PBXGroup;
			children = (
				ED7C95ED22BF839400D6A7C0 /* Restaurant */,
				ED7C95EC22BF839400D6A7C0 /* Products */,
			);
			sourceTree = "<group>";
		};
		ED7C95EC22BF839400D6A7C0 /* Products */ = {
			isa = PBXGroup;
			children = (
				ED7C95EB22BF839400D6A7C0 /* Restaurant.app */,
			);
			name = Products;
			sourceTree = "<group>";
		};
		ED7C95ED22BF839400D6A7C0 /* Restaurant */ = {
			isa = PBXGroup;
			children = (
				ED7C95EE22BF839400D6A7C0 /* AppDelegate.swift */,
				ED7C95F222BF839400D6A7C0 /* Main.storyboard */,
				ED7C961622BF92B400D6A7C0 /* MenuController.swift */,
				ED7C95F522BF839500D6A7C0 /* Assets.xcassets */,
				ED7C95F722BF839500D6A7C0 /* LaunchScreen.storyboard */,
				ED7C95FA22BF839500D6A7C0 /* Info.plist */,
				ED7C960622BF89B100D6A7C0 /* CategoryTableViewController.swift */,
				ED7C960822BF89C900D6A7C0 /* MenuTableViewController.swift */,
				ED7C960A22BF89D600D6A7C0 /* OrderTableViewController.swift */,
				ED7C960E22BF8DBD00D6A7C0 /* MenuItemDetailViewController.swift */,
				ED7C961022BF8F9000D6A7C0 /* MenuItem.swift */,
				ED7C961222BF90B800D6A7C0 /* IntermediaryModels.swift */,
				ED7C961422BF91AE00D6A7C0 /* Order.swift */,
				ED7C961822BFEADA00D6A7C0 /* OrderConfirmationViewController.swift */,
			);
			path = Restaurant;
			sourceTree = "<group>";
		};
/* End PBXGroup section */

/* Begin PBXNativeTarget section */
		ED7C95EA22BF839400D6A7C0 /* Restaurant */ = {
			isa = PBXNativeTarget;
			buildConfigurationList = ED7C95FD22BF839500D6A7C0 /* Build configuration list for PBXNativeTarget "Restaurant" */;
			buildPhases = (
				ED7C95E722BF839400D6A7C0 /* Sources */,
				ED7C95E822BF839400D6A7C0 /* Frameworks */,
				ED7C95E922BF839400D6A7C0 /* Resources */,
			);
			buildRules = (
			);
			dependencies = (
			);
			name = Restaurant;
			productName = Restaurant;
			productReference = ED7C95EB22BF839400D6A7C0 /* Restaurant.app */;
			productType = "com.apple.product-type.application";
		};
/* End PBXNativeTarget section */

/* Begin PBXProject section */
		ED7C95E322BF839400D6A7C0 /* Project object */ = {
			isa = PBXProject;
			attributes = {
				LastSwiftUpdateCheck = 1020;
				LastUpgradeCheck = 1020;
				ORGANIZATIONNAME = "Tshaka Lekholoane";
				TargetAttributes = {
					ED7C95EA22BF839400D6A7C0 = {
						CreatedOnToolsVersion = 10.2.1;
					};
				};
			};
			buildConfigurationList = ED7C95E622BF839400D6A7C0 /* Build configuration list for PBXProject "Restaurant" */;
			compatibilityVersion = "Xcode 9.3";
			developmentRegion = en;
			hasScannedForEncodings = 0;
			knownRegions = (
				en,
				Base,
			);
			mainGroup = ED7C95E222BF839400D6A7C0;
			productRefGroup = ED7C95EC22BF839400D6A7C0 /* Products */;
			projectDirPath = "";
			projectRoot = "";
			targets = (
				ED7C95EA22BF839400D6A7C0 /* Restaurant */,
			);
		};
/* End PBXProject section */

/* Begin PBXResourcesBuildPhase section */
		ED7C95E922BF839400D6A7C0 /* Resources */ = {
			isa = PBXResourcesBuildPhase;
			buildActionMask = 2147483647;
			files = (
				ED7C95F922BF839500D6A7C0 /* LaunchScreen.storyboard in Resources */,
				ED7C95F622BF839500D6A7C0 /* Assets.xcassets in Resources */,
				ED7C95F422BF839400D6A7C0 /* Main.storyboard in Resources */,
			);
			runOnlyForDeploymentPostprocessing = 0;
		};
/* End PBXResourcesBuildPhase section */

/* Begin PBXSourcesBuildPhase section */
		ED7C95E722BF839400D6A7C0 /* Sources */ = {
			isa = PBXSourcesBuildPhase;
			buildActionMask = 2147483647;
			files = (
				ED7C961722BF92B400D6A7C0 /* MenuController.swift in Sources */,
				ED7C961122BF8F9000D6A7C0 /* MenuItem.swift in Sources */,
				ED7C960922BF89C900D6A7C0 /* MenuTableViewController.swift in Sources */,
				ED7C960F22BF8DBD00D6A7C0 /* MenuItemDetailViewController.swift in Sources */,
				ED7C961522BF91AE00D6A7C0 /* Order.swift in Sources */,
				ED7C960B22BF89D600D6A7C0 /* OrderTableViewController.swift in Sources */,
				ED7C961322BF90B800D6A7C0 /* IntermediaryModels.swift in Sources */,
				ED7C95EF22BF839400D6A7C0 /* AppDelegate.swift in Sources */,
				ED7C961922BFEADA00D6A7C0 /* OrderConfirmationViewController.swift in Sources */,
				ED7C960722BF89B100D6A7C0 /* CategoryTableViewController.swift in Sources */,
			);
			runOnlyForDeploymentPostprocessing = 0;
		};
/* End PBXSourcesBuildPhase section */

/* Begin PBXVariantGroup section */
		ED7C95F222BF839400D6A7C0 /* Main.storyboard */ = {
			isa = PBXVariantGroup;
			children = (
				ED7C95F322BF839400D6A7C0 /* Base */,
			);
			name = Main.storyboard;
			sourceTree = "<group>";
		};
		ED7C95F722BF839500D6A7C0 /* LaunchScreen.storyboard */ = {
			isa = PBXVariantGroup;
			children = (
				ED7C95F822BF839500D6A7C0 /* Base */,
			);
			name = LaunchScreen.storyboard;
			sourceTree = "<group>";
		};
/* End PBXVariantGroup section */

/* Begin XCBuildConfiguration section */
		ED7C95FB22BF839500D6A7C0 /* Debug */ = {
			isa = XCBuildConfiguration;
			buildSettings = {
				ALWAYS_SEARCH_USER_PATHS = NO;
				CLANG_ANALYZER_NONNULL = YES;
				CLANG_ANALYZER_NUMBER_OBJECT_CONVERSION = YES_AGGRESSIVE;
				CLANG_CXX_LANGUAGE_STANDARD = "gnu++14";
				CLANG_CXX_LIBRARY = "libc++";
				CLANG_ENABLE_MODULES = YES;
				CLANG_ENABLE_OBJC_ARC = YES;
				CLANG_ENABLE_OBJC_WEAK = YES;
				CLANG_WARN_BLOCK_CAPTURE_AUTORELEASING = YES;
				CLANG_WARN_BOOL_CONVERSION = YES;
				CLANG_WARN_COMMA = YES;
				CLANG_WARN_CONSTANT_CONVERSION = YES;
				CLANG_WARN_DEPRECATED_OBJC_IMPLEMENTATIONS = YES;
				CLANG_WARN_DIRECT_OBJC_ISA_USAGE = YES_ERROR;
				CLANG_WARN_DOCUMENTATION_COMMENTS = YES;
				CLANG_WARN_EMPTY_BODY = YES;
				CLANG_WARN_ENUM_CONVERSION = YES;
				CLANG_WARN_INFINITE_RECURSION = YES;
				CLANG_WARN_INT_CONVERSION = YES;
				CLANG_WARN_NON_LITERAL_NULL_CONVERSION = YES;
				CLANG_WARN_OBJC_IMPLICIT_RETAIN_SELF = YES;
				CLANG_WARN_OBJC_LITERAL_CONVERSION = YES;
				CLANG_WARN_OBJC_ROOT_CLASS = YES_ERROR;
				CLANG_WARN_RANGE_LOOP_ANALYSIS = YES;
				CLANG_WARN_STRICT_PROTOTYPES = YES;
				CLANG_WARN_SUSPICIOUS_MOVE = YES;
				CLANG_WARN_UNGUARDED_AVAILABILITY = YES_AGGRESSIVE;
				CLANG_WARN_UNREACHABLE_CODE = YES;
				CLANG_WARN__DUPLICATE_METHOD_MATCH = YES;
				CODE_SIGN_IDENTITY = "iPhone Developer";
				COPY_PHASE_STRIP = NO;
				DEBUG_INFORMATION_FORMAT = dwarf;
				ENABLE_STRICT_OBJC_MSGSEND = YES;
				ENABLE_TESTABILITY = YES;
				GCC_C_LANGUAGE_STANDARD = gnu11;
				GCC_DYNAMIC_NO_PIC = NO;
				GCC_NO_COMMON_BLOCKS = YES;
				GCC_OPTIMIZATION_LEVEL = 0;
				GCC_PREPROCESSOR_DEFINITIONS = (
					"DEBUG=1",
					"$(inherited)",
				);
				GCC_WARN_64_TO_32_BIT_CONVERSION = YES;
				GCC_WARN_ABOUT_RETURN_TYPE = YES_ERROR;
				GCC_WARN_UNDECLARED_SELECTOR = YES;
				GCC_WARN_UNINITIALIZED_AUTOS = YES_AGGRESSIVE;
				GCC_WARN_UNUSED_FUNCTION = YES;
				GCC_WARN_UNUSED_VARIABLE = YES;
				IPHONEOS_DEPLOYMENT_TARGET = 12.2;
				MTL_ENABLE_DEBUG_INFO = INCLUDE_SOURCE;
				MTL_FAST_MATH = YES;
				ONLY_ACTIVE_ARCH = YES;
				SDKROOT = iphoneos;
				SWIFT_ACTIVE_COMPILATION_CONDITIONS = DEBUG;
				SWIFT_OPTIMIZATION_LEVEL = "-Onone";
			};
			name = Debug;
		};
		ED7C95FC22BF839500D6A7C0 /* Release */ = {
			isa = XCBuildConfiguration;
			buildSettings = {
				ALWAYS_SEARCH_USER_PATHS = NO;
				CLANG_ANALYZER_NONNULL = YES;
				CLANG_ANALYZER_NUMBER_OBJECT_CONVERSION = YES_AGGRESSIVE;
				CLANG_CXX_LANGUAGE_STANDARD = "gnu++14";
				CLANG_CXX_LIBRARY = "libc++";
				CLANG_ENABLE_MODULES = YES;
				CLANG_ENABLE_OBJC_ARC = YES;
				CLANG_ENABLE_OBJC_WEAK = YES;
				CLANG_WARN_BLOCK_CAPTURE_AUTORELEASING = YES;
				CLANG_WARN_BOOL_CONVERSION = YES;
				CLANG_WARN_COMMA = YES;
				CLANG_WARN_CONSTANT_CONVERSION = YES;
				CLANG_WARN_DEPRECATED_OBJC_IMPLEMENTATIONS = YES;
				CLANG_WARN_DIRECT_OBJC_ISA_USAGE = YES_ERROR;
				CLANG_WARN_DOCUMENTATION_COMMENTS = YES;
				CLANG_WARN_EMPTY_BODY = YES;
				CLANG_WARN_ENUM_CONVERSION = YES;
				CLANG_WARN_INFINITE_RECURSION = YES;
				CLANG_WARN_INT_CONVERSION = YES;
				CLANG_WARN_NON_LITERAL_NULL_CONVERSION = YES;
				CLANG_WARN_OBJC_IMPLICIT_RETAIN_SELF = YES;
				CLANG_WARN_OBJC_LITERAL_CONVERSION = YES;
				CLANG_WARN_OBJC_ROOT_CLASS = YES_ERROR;
				CLANG_WARN_RANGE_LOOP_ANALYSIS = YES;
				CLANG_WARN_STRICT_PROTOTYPES = YES;
				CLANG_WARN_SUSPICIOUS_MOVE = YES;
				CLANG_WARN_UNGUARDED_AVAILABILITY = YES_AGGRESSIVE;
				CLANG_WARN_UNREACHABLE_CODE = YES;
				CLANG_WARN__DUPLICATE_METHOD_MATCH = YES;
				CODE_SIGN_IDENTITY = "iPhone Developer";
				COPY_PHASE_STRIP = NO;
				DEBUG_INFORMATION_FORMAT = "dwarf-with-dsym";
				ENABLE_NS_ASSERTIONS = NO;
				ENABLE_STRICT_OBJC_MSGSEND = YES;
				GCC_C_LANGUAGE_STANDARD = gnu11;
				GCC_NO_COMMON_BLOCKS = YES;
				GCC_WARN_64_TO_32_BIT_CONVERSION = YES;
				GCC_WARN_ABOUT_RETURN_TYPE = YES_ERROR;
				GCC_WARN_UNDECLARED_SELECTOR = YES;
				GCC_WARN_UNINITIALIZED_AUTOS = YES_AGGRESSIVE;
				GCC_WARN_UNUSED_FUNCTION = YES;
				GCC_WARN_UNUSED_VARIABLE = YES;
				IPHONEOS_DEPLOYMENT_TARGET = 12.2;
				MTL_ENABLE_DEBUG_INFO = NO;
				MTL_FAST_MATH = YES;
				SDKROOT = iphoneos;
				SWIFT_COMPILATION_MODE = wholemodule;
				SWIFT_OPTIMIZATION_LEVEL = "-O";
				VALIDATE_PRODUCT = YES;
			};
			name = Release;
		};
		ED7C95FE22BF839500D6A7C0 /* Debug */ = {
			isa = XCBuildConfiguration;
			buildSettings = {
				ASSETCATALOG_COMPILER_APPICON_NAME = AppIcon;
				CODE_SIGN_STYLE = Automatic;
				DEVELOPMENT_TEAM = 53F8ZAN26L;
				INFOPLIST_FILE = Restaurant/Info.plist;
				LD_RUNPATH_SEARCH_PATHS = (
					"$(inherited)",
					"@executable_path/Frameworks",
				);
				PRODUCT_BUNDLE_IDENTIFIER = com.tshaka.Restaurant;
				PRODUCT_NAME = "$(TARGET_NAME)";
				SWIFT_VERSION = 5.0;
				TARGETED_DEVICE_FAMILY = "1,2";
			};
			name = Debug;
		};
		ED7C95FF22BF839500D6A7C0 /* Release */ = {
			isa = XCBuildConfiguration;
			buildSettings = {
				ASSETCATALOG_COMPILER_APPICON_NAME = AppIcon;
				CODE_SIGN_STYLE = Automatic;
				DEVELOPMENT_TEAM = 53F8ZAN26L;
				INFOPLIST_FILE = Restaurant/Info.plist;
				LD_RUNPATH_SEARCH_PATHS = (
					"$(inherited)",
					"@executable_path/Frameworks",
				);
				PRODUCT_BUNDLE_IDENTIFIER = com.tshaka.Restaurant;
				PRODUCT_NAME = "$(TARGET_NAME)";
				SWIFT_VERSION = 5.0;
				TARGETED_DEVICE_FAMILY = "1,2";
			};
			name = Release;
		};
/* End XCBuildConfiguration section */

/* Begin XCConfigurationList section */
		ED7C95E622BF839400D6A7C0 /* Build configuration list for PBXProject "Restaurant" */ = {
			isa = XCConfigurationList;
			buildConfigurations = (
				ED7C95FB22BF839500D6A7C0 /* Debug */,
				ED7C95FC22BF839500D6A7C0 /* Release */,
			);
			defaultConfigurationIsVisible = 0;
			defaultConfigurationName = Release;
		};
		ED7C95FD22BF839500D6A7C0 /* Build configuration list for PBXNativeTarget "Restaurant" */ = {
			isa = XCConfigurationList;
			buildConfigurations = (
				ED7C95FE22BF839500D6A7C0 /* Debug */,
				ED7C95FF22BF839500D6A7C0 /* Release */,
			);
			defaultConfigurationIsVisible = 0;
			defaultConfigurationName = Release;
		};
/* End XCConfigurationList section */
	};
	rootObject = ED7C95E322BF839400D6A7C0 /* Project object */;
}
